<?xml version="1.0" encoding="utf-8"?>
<Project ToolsVersion="4.0" xmlns="http://schemas.microsoft.com/developer/msbuild/2003">
  <ItemGroup>
    <Filter Include="Source Files">
      <UniqueIdentifier>{4FC737F1-C7A5-4376-A066-2A32D752A2FF}</UniqueIdentifier>
      <Extensions>cpp;c;cc;cxx;def;odl;idl;hpj;bat;asm;asmx</Extensions>
    </Filter>
    <Filter Include="Header Files">
      <UniqueIdentifier>{93995380-89BD-4b04-88EB-625FBE52EBFB}</UniqueIdentifier>
      <Extensions>h;hh;hpp;hxx;hm;inl;inc;ipp;xsd</Extensions>
    </Filter>
    <Filter Include="Resource Files">
      <UniqueIdentifier>{67DA6AB6-F800-4c08-8B7A-83BB121AAD01}</UniqueIdentifier>
      <Extensions>rc;ico;cur;bmp;dlg;rc2;rct;bin;rgs;gif;jpg;jpeg;jpe;resx;tiff;tif;png;wav;mfcribbon-ms</Extensions>
    </Filter>
    <Filter Include="Implementation Files">
      <UniqueIdentifier>{1c87aac8-5367-4cba-8a71-5c40310bf286}</UniqueIdentifier>
    </Filter>
    <Filter Include="Documentation Files">
      <UniqueIdentifier>{9baa10d0-4b0b-47fb-9fcb-54189def5ae7}</UniqueIdentifier>
    </Filter>
    <Filter Include="Documentation Files\greeglut">
      <UniqueIdentifier>{9ff706db-2dee-4f3b-b519-5b305d089a97}</UniqueIdentifier>
    </Filter>
    <Filter Include="Documentation Files\stopwatch">
      <UniqueIdentifier>{afa393f5-568b-4f16-8b43-95ed677f00c5}</UniqueIdentifier>
    </Filter>
  </ItemGroup>
  <ItemGroup>
    <ClCompile Include="Vector_Battle_System_Test_1.cpp">
      <Filter>Source Files</Filter>
    </ClCompile>
    <ClCompile Include="dep\battle.cpp">
      <Filter>Implementation Files</Filter>
    </ClCompile>
    <ClCompile Include="spells.cpp">
      <Filter>Implementation Files</Filter>
    </ClCompile>
    <ClCompile Include="room.cpp">
      <Filter>Implementation Files</Filter>
    </ClCompile>
    <ClCompile Include="resource.cpp">
      <Filter>Implementation Files</Filter>
    </ClCompile>
    <ClCompile Include="players.cpp">
      <Filter>Implementation Files</Filter>
    </ClCompile>
    <ClCompile Include="materials.cpp">
      <Filter>Implementation Files</Filter>
    </ClCompile>
    <ClCompile Include="console.cpp">
      <Filter>Implementation Files</Filter>
    </ClCompile>
    <ClCompile Include="controls.cpp">
      <Filter>Implementation Files</Filter>
    </ClCompile>
    <ClCompile Include="crypt.cpp">
      <Filter>Implementation Files</Filter>
    </ClCompile>
    <ClCompile Include="customGL.cpp">
      <Filter>Implementation Files</Filter>
    </ClCompile>
    <ClCompile Include="fcolor.cpp">
      <Filter>Implementation Files</Filter>
    </ClCompile>
  </ItemGroup>
  <ItemGroup>
    <ClInclude Include="dep\geometry.h">
      <Filter>Header Files</Filter>
    </ClInclude>
    <ClInclude Include="dep\materials.h">
      <Filter>Header Files</Filter>
    </ClInclude>
    <ClInclude Include="dep\players.h">
      <Filter>Header Files</Filter>
    </ClInclude>
    <ClInclude Include="dep\spells.h">
      <Filter>Header Files</Filter>
    </ClInclude>
    <ClInclude Include="dep\waves.h">
      <Filter>Header Files</Filter>
    </ClInclude>
    <ClInclude Include="dep\battle.h">
      <Filter>Header Files</Filter>
    </ClInclude>
    <ClInclude Include="dep\crypt.h">
      <Filter>Header Files</Filter>
    </ClInclude>
    <ClInclude Include="dep\fcolor.h">
      <Filter>Header Files</Filter>
    </ClInclude>
    <ClInclude Include="resource.h">
      <Filter>Header Files</Filter>
    </ClInclude>
    <ClInclude Include="dep\stopwatch.h">
      <Filter>Header Files</Filter>
    </ClInclude>
    <ClInclude Include="dep\camera.h">
      <Filter>Header Files</Filter>
    </ClInclude>
    <ClInclude Include="dep\console.h">
      <Filter>Header Files</Filter>
    </ClInclude>
    <ClInclude Include="dep\controls.h">
      <Filter>Header Files</Filter>
    </ClInclude>
    <ClInclude Include="dep\room.h">
      <Filter>Header Files</Filter>
    </ClInclude>
    <ClInclude Include="dep\graphics.h">
      <Filter>Header Files</Filter>
    </ClInclude>
    <ClInclude Include="dep\art.h">
      <Filter>Header Files</Filter>
    </ClInclude>
    <ClInclude Include="dep\customGL.h">
      <Filter>Header Files</Filter>
    </ClInclude>
  </ItemGroup>
  <ItemGroup>
    <ResourceCompile Include="Vector_Battle_System_Test_1.rc">
      <Filter>Resource Files</Filter>
    </ResourceCompile>
  </ItemGroup>
  <ItemGroup>
    <Image Include="marb.ico">
      <Filter>Resource Files</Filter>
    </Image>
  </ItemGroup>
  <ItemGroup>
    <Text Include="..\..\..\..\AppData\Local\Temp\Rar$DRa10236.32037\StopwatchWin32-master\LICENSE.txt">
      <Filter>Resource Files</Filter>
    </Text>
    <Text Include="freeglut\Readme.txt">
      <Filter>Documentation Files\greeglut</Filter>
    </Text>
    <Text Include="freeglut\Copying.txt">
      <Filter>Documentation Files\greeglut</Filter>
    </Text>
    <Text Include="Stopwatch\LICENSE.txt">
      <Filter>Documentation Files\stopwatch</Filter>
    </Text>
  </ItemGroup>
</Project>